
Microsoft Visual Studio Solution File, Format Version 12.00
# Visual Studio Version 17
VisualStudioVersion = 17.11.35327.3
MinimumVisualStudioVersion = 10.0.40219.1
Project("{FAE04EC0-301F-11D3-BF4B-00C04F79EFBC}") = "CalculatorApp-WPF", "CalculatorApp-WPF.csproj", "{3AE66A26-0ADC-41B5-90BD-04CCF1653CFA}"
EndProject
Global
	GlobalSection(SolutionConfigurationPlatforms) = preSolution
		Debug|Any CPU = Debug|Any CPU
		Release|Any CPU = Release|Any CPU
	EndGlobalSection
	GlobalSection(ProjectConfigurationPlatforms) = postSolution
		{3AE66A26-0ADC-41B5-90BD-04CCF1653CFA}.Debug|Any CPU.ActiveCfg = Debug|Any CPU
		{3AE66A26-0ADC-41B5-90BD-04CCF1653CFA}.Debug|Any CPU.Build.0 = Debug|Any CPU
		{3AE66A26-0ADC-41B5-90BD-04CCF1653CFA}.Release|Any CPU.ActiveCfg = Release|Any CPU
		{3AE66A26-0ADC-41B5-90BD-04CCF1653CFA}.Release|Any CPU.Build.0 = Release|Any CPU
	EndGlobalSection
	GlobalSection(SolutionProperties) = preSolution
		HideSolutionNode = FALSE
	EndGlobalSection
	GlobalSection(ExtensibilityGlobals) = postSolution
		SolutionGuid = {29B17FEA-B0C0-4C94-8290-752AD08691C0}
	EndGlobalSection
EndGlobal
